
Microsoft Visual Studio Solution File, Format Version 12.00
Project("{FAE04EC0-301F-11D3-BF4B-00C04F79EFBC}") = "GooglePlayPublisherCli", "GooglePlayPublisherCli.csproj", "{8DEDA3F3-0872-4E08-BD3C-A6F65E3241ED}"
EndProject
Global
	GlobalSection(SolutionConfigurationPlatforms) = preSolution
		Debug|Any CPU = Debug|Any CPU
		Release|Any CPU = Release|Any CPU
	EndGlobalSection
	GlobalSection(ProjectConfigurationPlatforms) = postSolution
		{8DEDA3F3-0872-4E08-BD3C-A6F65E3241ED}.Debug|Any CPU.ActiveCfg = Debug|Any CPU
		{8DEDA3F3-0872-4E08-BD3C-A6F65E3241ED}.Debug|Any CPU.Build.0 = Debug|Any CPU
		{8DEDA3F3-0872-4E08-BD3C-A6F65E3241ED}.Release|Any CPU.ActiveCfg = Release|Any CPU
		{8DEDA3F3-0872-4E08-BD3C-A6F65E3241ED}.Release|Any CPU.Build.0 = Release|Any CPU
	EndGlobalSection
EndGlobal
